
Microsoft Visual Studio Solution File, Format Version 12.00
# Visual Studio Version 17
VisualStudioVersion = 17.11.35303.130
MinimumVisualStudioVersion = 10.0.40219.1
Project("{FAE04EC0-301F-11D3-BF4B-00C04F79EFBC}") = "masterpage", "masterpage\masterpage.csproj", "{B553686D-FD4B-4381-B1CC-656302205014}"
EndProject
Global
	GlobalSection(SolutionConfigurationPlatforms) = preSolution
		Debug|Any CPU = Debug|Any CPU
		Release|Any CPU = Release|Any CPU
	EndGlobalSection
	GlobalSection(ProjectConfigurationPlatforms) = postSolution
		{B553686D-FD4B-4381-B1CC-656302205014}.Debug|Any CPU.ActiveCfg = Debug|Any CPU
		{B553686D-FD4B-4381-B1CC-656302205014}.Debug|Any CPU.Build.0 = Debug|Any CPU
		{B553686D-FD4B-4381-B1CC-656302205014}.Release|Any CPU.ActiveCfg = Release|Any CPU
		{B553686D-FD4B-4381-B1CC-656302205014}.Release|Any CPU.Build.0 = Release|Any CPU
	EndGlobalSection
	GlobalSection(SolutionProperties) = preSolution
		HideSolutionNode = FALSE
	EndGlobalSection
	GlobalSection(ExtensibilityGlobals) = postSolution
		SolutionGuid = {4648C759-6C63-48A3-AC95-C4F61C3A6C29}
	EndGlobalSection
EndGlobal
